
Microsoft Visual Studio Solution File, Format Version 12.00
# Visual Studio Version 17
Project("{2150E333-8FDC-42A3-9474-1A3956D46DE8}") = "CMakePredefinedTargets", "CMakePredefinedTargets", "{44EFC259-550A-3052-B8F8-C6ED6638DA19}"
EndProject
Project("{8BC9CEB8-8B4A-11D0-8D11-00A0C91BC942}") = "CSC8503", "CSC8503\CSC8503.vcxproj", "{71637135-744E-389D-814F-76F886838323}"
	ProjectSection(ProjectDependencies) = postProject
		{13F5DD5B-400E-36A5-970D-DCC1EBF5BB95} = {13F5DD5B-400E-36A5-970D-DCC1EBF5BB95}
		{5E25FF55-E1DF-3524-B01F-F58F4B114D89} = {5E25FF55-E1DF-3524-B01F-F58F4B114D89}
		{284B34DE-FC79-3DEA-9B3B-8FC908D84A64} = {284B34DE-FC79-3DEA-9B3B-8FC908D84A64}
		{2905FF02-C153-30AF-B6FA-459CE3A4E122} = {2905FF02-C153-30AF-B6FA-459CE3A4E122}
		{D6821DD1-F930-30D7-9939-3122C8A2826C} = {D6821DD1-F930-30D7-9939-3122C8A2826C}
	EndProjectSection
EndProject
Project("{8BC9CEB8-8B4A-11D0-8D11-00A0C91BC942}") = "ALL_BUILD", "ALL_BUILD.vcxproj", "{3AC7510C-12BD-3E75-8117-9299014190CE}"
	ProjectSection(ProjectDependencies) = postProject
		{71637135-744E-389D-814F-76F886838323} = {71637135-744E-389D-814F-76F886838323}
		{13F5DD5B-400E-36A5-970D-DCC1EBF5BB95} = {13F5DD5B-400E-36A5-970D-DCC1EBF5BB95}
		{5E25FF55-E1DF-3524-B01F-F58F4B114D89} = {5E25FF55-E1DF-3524-B01F-F58F4B114D89}
		{284B34DE-FC79-3DEA-9B3B-8FC908D84A64} = {284B34DE-FC79-3DEA-9B3B-8FC908D84A64}
		{2905FF02-C153-30AF-B6FA-459CE3A4E122} = {2905FF02-C153-30AF-B6FA-459CE3A4E122}
		{D6821DD1-F930-30D7-9939-3122C8A2826C} = {D6821DD1-F930-30D7-9939-3122C8A2826C}
	EndProjectSection
EndProject
Project("{8BC9CEB8-8B4A-11D0-8D11-00A0C91BC942}") = "CSC8503CoreClasses", "CSC8503CoreClasses\CSC8503CoreClasses.vcxproj", "{13F5DD5B-400E-36A5-970D-DCC1EBF5BB95}"
	ProjectSection(ProjectDependencies) = postProject
		{D6821DD1-F930-30D7-9939-3122C8A2826C} = {D6821DD1-F930-30D7-9939-3122C8A2826C}
	EndProjectSection
EndProject
Project("{8BC9CEB8-8B4A-11D0-8D11-00A0C91BC942}") = "GLTFLoader", "GLTFLoader\GLTFLoader.vcxproj", "{5E25FF55-E1DF-3524-B01F-F58F4B114D89}"
	ProjectSection(ProjectDependencies) = postProject
		{D6821DD1-F930-30D7-9939-3122C8A2826C} = {D6821DD1-F930-30D7-9939-3122C8A2826C}
	EndProjectSection
EndProject
Project("{8BC9CEB8-8B4A-11D0-8D11-00A0C91BC942}") = "NCLCoreClasses", "NCLCoreClasses\NCLCoreClasses.vcxproj", "{284B34DE-FC79-3DEA-9B3B-8FC908D84A64}"
	ProjectSection(ProjectDependencies) = postProject
		{D6821DD1-F930-30D7-9939-3122C8A2826C} = {D6821DD1-F930-30D7-9939-3122C8A2826C}
	EndProjectSection
EndProject
Project("{8BC9CEB8-8B4A-11D0-8D11-00A0C91BC942}") = "OpenGLRendering", "OpenGLRendering\OpenGLRendering.vcxproj", "{2905FF02-C153-30AF-B6FA-459CE3A4E122}"
	ProjectSection(ProjectDependencies) = postProject
		{284B34DE-FC79-3DEA-9B3B-8FC908D84A64} = {284B34DE-FC79-3DEA-9B3B-8FC908D84A64}
		{D6821DD1-F930-30D7-9939-3122C8A2826C} = {D6821DD1-F930-30D7-9939-3122C8A2826C}
	EndProjectSection
EndProject
Project("{8BC9CEB8-8B4A-11D0-8D11-00A0C91BC942}") = "ZERO_CHECK", "ZERO_CHECK.vcxproj", "{D6821DD1-F930-30D7-9939-3122C8A2826C}"
	ProjectSection(ProjectDependencies) = postProject
	EndProjectSection
EndProject
Global
	GlobalSection(SolutionConfigurationPlatforms) = preSolution
		Debug|x64 = Debug|x64
		Release|x64 = Release|x64
	EndGlobalSection
	GlobalSection(ProjectConfigurationPlatforms) = postSolution
		{71637135-744E-389D-814F-76F886838323}.Debug|x64.ActiveCfg = Debug|x64
		{71637135-744E-389D-814F-76F886838323}.Debug|x64.Build.0 = Debug|x64
		{71637135-744E-389D-814F-76F886838323}.Release|x64.ActiveCfg = Release|x64
		{71637135-744E-389D-814F-76F886838323}.Release|x64.Build.0 = Release|x64
		{3AC7510C-12BD-3E75-8117-9299014190CE}.Debug|x64.ActiveCfg = Debug|x64
		{3AC7510C-12BD-3E75-8117-9299014190CE}.Release|x64.ActiveCfg = Release|x64
		{13F5DD5B-400E-36A5-970D-DCC1EBF5BB95}.Debug|x64.ActiveCfg = Debug|x64
		{13F5DD5B-400E-36A5-970D-DCC1EBF5BB95}.Debug|x64.Build.0 = Debug|x64
		{13F5DD5B-400E-36A5-970D-DCC1EBF5BB95}.Release|x64.ActiveCfg = Release|x64
		{13F5DD5B-400E-36A5-970D-DCC1EBF5BB95}.Release|x64.Build.0 = Release|x64
		{5E25FF55-E1DF-3524-B01F-F58F4B114D89}.Debug|x64.ActiveCfg = Debug|x64
		{5E25FF55-E1DF-3524-B01F-F58F4B114D89}.Debug|x64.Build.0 = Debug|x64
		{5E25FF55-E1DF-3524-B01F-F58F4B114D89}.Release|x64.ActiveCfg = Release|x64
		{5E25FF55-E1DF-3524-B01F-F58F4B114D89}.Release|x64.Build.0 = Release|x64
		{284B34DE-FC79-3DEA-9B3B-8FC908D84A64}.Debug|x64.ActiveCfg = Debug|x64
		{284B34DE-FC79-3DEA-9B3B-8FC908D84A64}.Debug|x64.Build.0 = Debug|x64
		{284B34DE-FC79-3DEA-9B3B-8FC908D84A64}.Release|x64.ActiveCfg = Release|x64
		{284B34DE-FC79-3DEA-9B3B-8FC908D84A64}.Release|x64.Build.0 = Release|x64
		{2905FF02-C153-30AF-B6FA-459CE3A4E122}.Debug|x64.ActiveCfg = Debug|x64
		{2905FF02-C153-30AF-B6FA-459CE3A4E122}.Debug|x64.Build.0 = Debug|x64
		{2905FF02-C153-30AF-B6FA-459CE3A4E122}.Release|x64.ActiveCfg = Release|x64
		{2905FF02-C153-30AF-B6FA-459CE3A4E122}.Release|x64.Build.0 = Release|x64
		{D6821DD1-F930-30D7-9939-3122C8A2826C}.Debug|x64.ActiveCfg = Debug|x64
		{D6821DD1-F930-30D7-9939-3122C8A2826C}.Debug|x64.Build.0 = Debug|x64
		{D6821DD1-F930-30D7-9939-3122C8A2826C}.Release|x64.ActiveCfg = Release|x64
		{D6821DD1-F930-30D7-9939-3122C8A2826C}.Release|x64.Build.0 = Release|x64
	EndGlobalSection
	GlobalSection(NestedProjects) = preSolution
		{3AC7510C-12BD-3E75-8117-9299014190CE} = {44EFC259-550A-3052-B8F8-C6ED6638DA19}
		{D6821DD1-F930-30D7-9939-3122C8A2826C} = {44EFC259-550A-3052-B8F8-C6ED6638DA19}
	EndGlobalSection
	GlobalSection(ExtensibilityGlobals) = postSolution
		SolutionGuid = {724008E8-B2CD-3B60-BD97-01EE22251B33}
	EndGlobalSection
	GlobalSection(ExtensibilityAddIns) = postSolution
	EndGlobalSection
EndGlobal
