<?xml version="1.0" encoding="utf-8"?>
<Project ToolsVersion="17.0" xmlns="http://schemas.microsoft.com/developer/msbuild/2003">
  <ItemGroup>
    <CustomBuild Include="D:\Uniwork\CSC8503\Built Project\CMakeFiles\8556c524c033a6a6bd9b44269081d53e\generate.stamp.rule">
      <Filter>CMake Rules</Filter>
    </CustomBuild>
  </ItemGroup>
  <ItemGroup>
    <Filter Include="CMake Rules">
      <UniqueIdentifier>{895620F9-E6E1-378C-ADF9-844E0031AD71}</UniqueIdentifier>
    </Filter>
  </ItemGroup>
</Project>
